<?xml version="1.0" encoding="utf-8"?>
<Project ToolsVersion="4.0" xmlns="http://schemas.microsoft.com/developer/msbuild/2003">
  <ItemGroup>
    <ClCompile Include="Source\Window.cpp" />
    <ClCompile Include="Source\Textures.cpp" />
    <ClCompile Include="Source\Scene.cpp" />
    <ClCompile Include="Source\Render.cpp" />
    <ClCompile Include="Source\Main.cpp" />
    <ClCompile Include="Source\Input.cpp" />
    <ClCompile Include="Source\Audio.cpp" />
    <ClCompile Include="Source\App.cpp" />
    <ClCompile Include="Source\Log.cpp">
      <Filter>Utils</Filter>
    </ClCompile>
    <ClCompile Include="Source\External\PugiXml\src\pugixml.cpp">
      <Filter>External\PuguiXml</Filter>
    </ClCompile>
    <ClCompile Include="Source\Transition.cpp" />
    <ClCompile Include="Source\Player.cpp" />
    <ClCompile Include="Source\Map.cpp" />
    <ClCompile Include="Source\LogoScene.cpp" />
    <ClCompile Include="Source\TitleScene.cpp" />
    <ClCompile Include="Source\DeathScene.cpp" />
    <ClCompile Include="Source\Collisions.cpp" />
    <ClCompile Include="Source\Timer.cpp" />
    <ClCompile Include="Source\PerfTimer.cpp" />
    <ClCompile Include="Source\Enemy.cpp" />
    <ClCompile Include="Source\EnemyManagement.cpp" />
    <ClCompile Include="Source\EnemyGround.cpp" />
    <ClCompile Include="Source\EnemyFlying.cpp" />
    <ClCompile Include="Source\PathFinding.cpp" />
    <ClCompile Include="Source\Fonts.cpp" />
  </ItemGroup>
  <ItemGroup>
    <ClInclude Include="Source\Window.h" />
    <ClInclude Include="Source\Textures.h" />
    <ClInclude Include="Source\Scene.h" />
    <ClInclude Include="Source\Render.h" />
    <ClInclude Include="Source\Module.h" />
    <ClInclude Include="Source\Input.h" />
    <ClInclude Include="Source\Audio.h" />
    <ClInclude Include="Source\App.h" />
    <ClInclude Include="Source\Defs.h">
      <Filter>Utils</Filter>
    </ClInclude>
    <ClInclude Include="Source\DynArray.h">
      <Filter>Utils</Filter>
    </ClInclude>
    <ClInclude Include="Source\List.h">
      <Filter>Utils</Filter>
    </ClInclude>
    <ClInclude Include="Source\Log.h">
      <Filter>Utils</Filter>
    </ClInclude>
    <ClInclude Include="Source\Point.h">
      <Filter>Utils</Filter>
    </ClInclude>
    <ClInclude Include="Source\SString.h">
      <Filter>Utils</Filter>
    </ClInclude>
    <ClInclude Include="Source\External\PugiXml\src\pugiconfig.hpp">
      <Filter>External\PuguiXml</Filter>
    </ClInclude>
    <ClInclude Include="Source\External\PugiXml\src\pugixml.hpp">
      <Filter>External\PuguiXml</Filter>
    </ClInclude>
    <ClInclude Include="Source\Transition.h" />
    <ClInclude Include="Source\Player.h" />
    <ClInclude Include="Source\Animation.h">
      <Filter>Utils</Filter>
    </ClInclude>
    <ClInclude Include="Source\Map.h" />
    <ClInclude Include="Source\LogoScene.h" />
    <ClInclude Include="Source\TitleScene.h" />
    <ClInclude Include="Source\DeathScene.h" />
    <ClInclude Include="Source\Collisions.h" />
    <ClInclude Include="Source\Physics.h">
      <Filter>Utils</Filter>
    </ClInclude>
    <ClInclude Include="Source\Timer.h" />
    <ClInclude Include="Source\PerfTimer.h" />
    <ClInclude Include="Source\Queue.h">
      <Filter>Utils</Filter>
    </ClInclude>
    <ClInclude Include="Source\Enemy.h" />
    <ClInclude Include="Source\EnemyManagement.h" />
    <ClInclude Include="Source\EnemyGround.h" />
    <ClInclude Include="Source\EnemyFlying.h" />
    <ClInclude Include="Source\PathFinding.h" />
    <ClInclude Include="Source\Fonts.h" />
  </ItemGroup>
  <ItemGroup>
    <Filter Include="External">
      <UniqueIdentifier>{83a966c7-b4bb-4eff-9c2c-3ff3c7b55a60}</UniqueIdentifier>
    </Filter>
    <Filter Include="Utils">
      <UniqueIdentifier>{2cad778a-d356-48b0-9fee-587f1bbb187e}</UniqueIdentifier>
    </Filter>
    <Filter Include="External\PuguiXml">
      <UniqueIdentifier>{2855ff7f-53a1-413d-a75b-18b4ade921dd}</UniqueIdentifier>
    </Filter>
  </ItemGroup>
</Project>